// !$*UTF8*$!
{
	archiveVersion = 1;
	classes = {
	};
	objectVersion = 55;
	objects = {

/* Begin PBXBuildFile section */
		66FAA995288A5F0400DDF431 /* AppDelegate.swift in Sources */ = {isa = PBXBuildFile; fileRef = 66FAA994288A5F0400DDF431 /* AppDelegate.swift */; };
		66FAA997288A5F0400DDF431 /* SceneDelegate.swift in Sources */ = {isa = PBXBuildFile; fileRef = 66FAA996288A5F0400DDF431 /* SceneDelegate.swift */; };
		66FAA999288A5F0400DDF431 /* ViewController.swift in Sources */ = {isa = PBXBuildFile; fileRef = 66FAA998288A5F0400DDF431 /* ViewController.swift */; };
		66FAA99C288A5F0400DDF431 /* Main.storyboard in Resources */ = {isa = PBXBuildFile; fileRef = 66FAA99A288A5F0400DDF431 /* Main.storyboard */; };
		66FAA99F288A5F0400DDF431 /* CoreDataPractice.xcdatamodeld in Sources */ = {isa = PBXBuildFile; fileRef = 66FAA99D288A5F0400DDF431 /* CoreDataPractice.xcdatamodeld */; };
		66FAA9A1288A5F0500DDF431 /* Assets.xcassets in Resources */ = {isa = PBXBuildFile; fileRef = 66FAA9A0288A5F0500DDF431 /* Assets.xcassets */; };
		66FAA9A4288A5F0500DDF431 /* LaunchScreen.storyboard in Resources */ = {isa = PBXBuildFile; fileRef = 66FAA9A2288A5F0500DDF431 /* LaunchScreen.storyboard */; };
		66FAA9AF288A5F0600DDF431 /* CoreDataPracticeTests.swift in Sources */ = {isa = PBXBuildFile; fileRef = 66FAA9AE288A5F0600DDF431 /* CoreDataPracticeTests.swift */; };
		66FAA9B9288A5F0600DDF431 /* CoreDataPracticeUITests.swift in Sources */ = {isa = PBXBuildFile; fileRef = 66FAA9B8288A5F0600DDF431 /* CoreDataPracticeUITests.swift */; };
		66FAA9BB288A5F0600DDF431 /* CoreDataPracticeUITestsLaunchTests.swift in Sources */ = {isa = PBXBuildFile; fileRef = 66FAA9BA288A5F0600DDF431 /* CoreDataPracticeUITestsLaunchTests.swift */; };
/* End PBXBuildFile section */

/* Begin PBXContainerItemProxy section */
		66FAA9AB288A5F0600DDF431 /* PBXContainerItemProxy */ = {
			isa = PBXContainerItemProxy;
			containerPortal = 66FAA989288A5F0400DDF431 /* Project object */;
			proxyType = 1;
			remoteGlobalIDString = 66FAA990288A5F0400DDF431;
			remoteInfo = CoreDataPractice;
		};
		66FAA9B5288A5F0600DDF431 /* PBXContainerItemProxy */ = {
			isa = PBXContainerItemProxy;
			containerPortal = 66FAA989288A5F0400DDF431 /* Project object */;
			proxyType = 1;
			remoteGlobalIDString = 66FAA990288A5F0400DDF431;
			remoteInfo = CoreDataPractice;
		};
/* End PBXContainerItemProxy section */

/* Begin PBXFileReference section */
		66FAA991288A5F0400DDF431 /* CoreDataPractice.app */ = {isa = PBXFileReference; explicitFileType = wrapper.application; includeInIndex = 0; path = CoreDataPractice.app; sourceTree = BUILT_PRODUCTS_DIR; };
		66FAA994288A5F0400DDF431 /* AppDelegate.swift */ = {isa = PBXFileReference; lastKnownFileType = sourcecode.swift; path = AppDelegate.swift; sourceTree = "<group>"; };
		66FAA996288A5F0400DDF431 /* SceneDelegate.swift */ = {isa = PBXFileReference; lastKnownFileType = sourcecode.swift; path = SceneDelegate.swift; sourceTree = "<group>"; };
		66FAA998288A5F0400DDF431 /* ViewController.swift */ = {isa = PBXFileReference; lastKnownFileType = sourcecode.swift; path = ViewController.swift; sourceTree = "<group>"; };
		66FAA99B288A5F0400DDF431 /* Base */ = {isa = PBXFileReference; lastKnownFileType = file.storyboard; name = Base; path = Base.lproj/Main.storyboard; sourceTree = "<group>"; };
		66FAA99E288A5F0400DDF431 /* CoreDataPractice.xcdatamodel */ = {isa = PBXFileReference; lastKnownFileType = wrapper.xcdatamodel; path = CoreDataPractice.xcdatamodel; sourceTree = "<group>"; };
		66FAA9A0288A5F0500DDF431 /* Assets.xcassets */ = {isa = PBXFileReference; lastKnownFileType = folder.assetcatalog; path = Assets.xcassets; sourceTree = "<group>"; };
		66FAA9A3288A5F0500DDF431 /* Base */ = {isa = PBXFileReference; lastKnownFileType = file.storyboard; name = Base; path = Base.lproj/LaunchScreen.storyboard; sourceTree = "<group>"; };
		66FAA9A5288A5F0500DDF431 /* Info.plist */ = {isa = PBXFileReference; lastKnownFileType = text.plist.xml; path = Info.plist; sourceTree = "<group>"; };
		66FAA9AA288A5F0600DDF431 /* CoreDataPracticeTests.xctest */ = {isa = PBXFileReference; explicitFileType = wrapper.cfbundle; includeInIndex = 0; path = CoreDataPracticeTests.xctest; sourceTree = BUILT_PRODUCTS_DIR; };
		66FAA9AE288A5F0600DDF431 /* CoreDataPracticeTests.swift */ = {isa = PBXFileReference; lastKnownFileType = sourcecode.swift; path = CoreDataPracticeTests.swift; sourceTree = "<group>"; };
		66FAA9B4288A5F0600DDF431 /* CoreDataPracticeUITests.xctest */ = {isa = PBXFileReference; explicitFileType = wrapper.cfbundle; includeInIndex = 0; path = CoreDataPracticeUITests.xctest; sourceTree = BUILT_PRODUCTS_DIR; };
		66FAA9B8288A5F0600DDF431 /* CoreDataPracticeUITests.swift */ = {isa = PBXFileReference; lastKnownFileType = sourcecode.swift; path = CoreDataPracticeUITests.swift; sourceTree = "<group>"; };
		66FAA9BA288A5F0600DDF431 /* CoreDataPracticeUITestsLaunchTests.swift */ = {isa = PBXFileReference; lastKnownFileType = sourcecode.swift; path = CoreDataPracticeUITestsLaunchTests.swift; sourceTree = "<group>"; };
/* End PBXFileReference section */

/* Begin PBXFrameworksBuildPhase section */
		66FAA98E288A5F0400DDF431 /* Frameworks */ = {
			isa = PBXFrameworksBuildPhase;
			buildActionMask = 2147483647;
			files = (
			);
			runOnlyForDeploymentPostprocessing = 0;
		};
		66FAA9A7288A5F0600DDF431 /* Frameworks */ = {
			isa = PBXFrameworksBuildPhase;
			buildActionMask = 2147483647;
			files = (
			);
			runOnlyForDeploymentPostprocessing = 0;
		};
		66FAA9B1288A5F0600DDF431 /* Frameworks */ = {
			isa = PBXFrameworksBuildPhase;
			buildActionMask = 2147483647;
			files = (
			);
			runOnlyForDeploymentPostprocessing = 0;
		};
/* End PBXFrameworksBuildPhase section */

/* Begin PBXGroup section */
		66FAA988288A5F0400DDF431 = {
			isa = PBXGroup;
			children = (
				66FAA993288A5F0400DDF431 /* CoreDataPractice */,
				66FAA9AD288A5F0600DDF431 /* CoreDataPracticeTests */,
				66FAA9B7288A5F0600DDF431 /* CoreDataPracticeUITests */,
				66FAA992288A5F0400DDF431 /* Products */,
			);
			sourceTree = "<group>";
		};
		66FAA992288A5F0400DDF431 /* Products */ = {
			isa = PBXGroup;
			children = (
				66FAA991288A5F0400DDF431 /* CoreDataPractice.app */,
				66FAA9AA288A5F0600DDF431 /* CoreDataPracticeTests.xctest */,
				66FAA9B4288A5F0600DDF431 /* CoreDataPracticeUITests.xctest */,
			);
			name = Products;
			sourceTree = "<group>";
		};
		66FAA993288A5F0400DDF431 /* CoreDataPractice */ = {
			isa = PBXGroup;
			children = (
				66FAA994288A5F0400DDF431 /* AppDelegate.swift */,
				66FAA996288A5F0400DDF431 /* SceneDelegate.swift */,
				66FAA998288A5F0400DDF431 /* ViewController.swift */,
				66FAA99A288A5F0400DDF431 /* Main.storyboard */,
				66FAA9A0288A5F0500DDF431 /* Assets.xcassets */,
				66FAA9A2288A5F0500DDF431 /* LaunchScreen.storyboard */,
				66FAA9A5288A5F0500DDF431 /* Info.plist */,
				66FAA99D288A5F0400DDF431 /* CoreDataPractice.xcdatamodeld */,
			);
			path = CoreDataPractice;
			sourceTree = "<group>";
		};
		66FAA9AD288A5F0600DDF431 /* CoreDataPracticeTests */ = {
			isa = PBXGroup;
			children = (
				66FAA9AE288A5F0600DDF431 /* CoreDataPracticeTests.swift */,
			);
			path = CoreDataPracticeTests;
			sourceTree = "<group>";
		};
		66FAA9B7288A5F0600DDF431 /* CoreDataPracticeUITests */ = {
			isa = PBXGroup;
			children = (
				66FAA9B8288A5F0600DDF431 /* CoreDataPracticeUITests.swift */,
				66FAA9BA288A5F0600DDF431 /* CoreDataPracticeUITestsLaunchTests.swift */,
			);
			path = CoreDataPracticeUITests;
			sourceTree = "<group>";
		};
/* End PBXGroup section */

/* Begin PBXNativeTarget section */
		66FAA990288A5F0400DDF431 /* CoreDataPractice */ = {
			isa = PBXNativeTarget;
			buildConfigurationList = 66FAA9BE288A5F0600DDF431 /* Build configuration list for PBXNativeTarget "CoreDataPractice" */;
			buildPhases = (
				66FAA98D288A5F0400DDF431 /* Sources */,
				66FAA98E288A5F0400DDF431 /* Frameworks */,
				66FAA98F288A5F0400DDF431 /* Resources */,
			);
			buildRules = (
			);
			dependencies = (
			);
			name = CoreDataPractice;
			productName = CoreDataPractice;
			productReference = 66FAA991288A5F0400DDF431 /* CoreDataPractice.app */;
			productType = "com.apple.product-type.application";
		};
		66FAA9A9288A5F0600DDF431 /* CoreDataPracticeTests */ = {
			isa = PBXNativeTarget;
			buildConfigurationList = 66FAA9C1288A5F0600DDF431 /* Build configuration list for PBXNativeTarget "CoreDataPracticeTests" */;
			buildPhases = (
				66FAA9A6288A5F0600DDF431 /* Sources */,
				66FAA9A7288A5F0600DDF431 /* Frameworks */,
				66FAA9A8288A5F0600DDF431 /* Resources */,
			);
			buildRules = (
			);
			dependencies = (
				66FAA9AC288A5F0600DDF431 /* PBXTargetDependency */,
			);
			name = CoreDataPracticeTests;
			productName = CoreDataPracticeTests;
			productReference = 66FAA9AA288A5F0600DDF431 /* CoreDataPracticeTests.xctest */;
			productType = "com.apple.product-type.bundle.unit-test";
		};
		66FAA9B3288A5F0600DDF431 /* CoreDataPracticeUITests */ = {
			isa = PBXNativeTarget;
			buildConfigurationList = 66FAA9C4288A5F0600DDF431 /* Build configuration list for PBXNativeTarget "CoreDataPracticeUITests" */;
			buildPhases = (
				66FAA9B0288A5F0600DDF431 /* Sources */,
				66FAA9B1288A5F0600DDF431 /* Frameworks */,
				66FAA9B2288A5F0600DDF431 /* Resources */,
			);
			buildRules = (
			);
			dependencies = (
				66FAA9B6288A5F0600DDF431 /* PBXTargetDependency */,
			);
			name = CoreDataPracticeUITests;
			productName = CoreDataPracticeUITests;
			productReference = 66FAA9B4288A5F0600DDF431 /* CoreDataPracticeUITests.xctest */;
			productType = "com.apple.product-type.bundle.ui-testing";
		};
/* End PBXNativeTarget section */

/* Begin PBXProject section */
		66FAA989288A5F0400DDF431 /* Project object */ = {
			isa = PBXProject;
			attributes = {
				BuildIndependentTargetsInParallel = 1;
				LastSwiftUpdateCheck = 1330;
				LastUpgradeCheck = 1330;
				TargetAttributes = {
					66FAA990288A5F0400DDF431 = {
						CreatedOnToolsVersion = 13.3.1;
					};
					66FAA9A9288A5F0600DDF431 = {
						CreatedOnToolsVersion = 13.3.1;
						TestTargetID = 66FAA990288A5F0400DDF431;
					};
					66FAA9B3288A5F0600DDF431 = {
						CreatedOnToolsVersion = 13.3.1;
						TestTargetID = 66FAA990288A5F0400DDF431;
					};
				};
			};
			buildConfigurationList = 66FAA98C288A5F0400DDF431 /* Build configuration list for PBXProject "CoreDataPractice" */;
			compatibilityVersion = "Xcode 13.0";
			developmentRegion = en;
			hasScannedForEncodings = 0;
			knownRegions = (
				en,
				Base,
			);
			mainGroup = 66FAA988288A5F0400DDF431;
			productRefGroup = 66FAA992288A5F0400DDF431 /* Products */;
			projectDirPath = "";
			projectRoot = "";
			targets = (
				66FAA990288A5F0400DDF431 /* CoreDataPractice */,
				66FAA9A9288A5F0600DDF431 /* CoreDataPracticeTests */,
				66FAA9B3288A5F0600DDF431 /* CoreDataPracticeUITests */,
			);
		};
/* End PBXProject section */

/* Begin PBXResourcesBuildPhase section */
		66FAA98F288A5F0400DDF431 /* Resources */ = {
			isa = PBXResourcesBuildPhase;
			buildActionMask = 2147483647;
			files = (
				66FAA9A4288A5F0500DDF431 /* LaunchScreen.storyboard in Resources */,
				66FAA9A1288A5F0500DDF431 /* Assets.xcassets in Resources */,
				66FAA99C288A5F0400DDF431 /* Main.storyboard in Resources */,
			);
			runOnlyForDeploymentPostprocessing = 0;
		};
		66FAA9A8288A5F0600DDF431 /* Resources */ = {
			isa = PBXResourcesBuildPhase;
			buildActionMask = 2147483647;
			files = (
			);
			runOnlyForDeploymentPostprocessing = 0;
		};
		66FAA9B2288A5F0600DDF431 /* Resources */ = {
			isa = PBXResourcesBuildPhase;
			buildActionMask = 2147483647;
			files = (
			);
			runOnlyForDeploymentPostprocessing = 0;
		};
/* End PBXResourcesBuildPhase section */

/* Begin PBXSourcesBuildPhase section */
		66FAA98D288A5F0400DDF431 /* Sources */ = {
			isa = PBXSourcesBuildPhase;
			buildActionMask = 2147483647;
			files = (
				66FAA999288A5F0400DDF431 /* ViewController.swift in Sources */,
				66FAA995288A5F0400DDF431 /* AppDelegate.swift in Sources */,
				66FAA997288A5F0400DDF431 /* SceneDelegate.swift in Sources */,
				66FAA99F288A5F0400DDF431 /* CoreDataPractice.xcdatamodeld in Sources */,
			);
			runOnlyForDeploymentPostprocessing = 0;
		};
		66FAA9A6288A5F0600DDF431 /* Sources */ = {
			isa = PBXSourcesBuildPhase;
			buildActionMask = 2147483647;
			files = (
				66FAA9AF288A5F0600DDF431 /* CoreDataPracticeTests.swift in Sources */,
			);
			runOnlyForDeploymentPostprocessing = 0;
		};
		66FAA9B0288A5F0600DDF431 /* Sources */ = {
			isa = PBXSourcesBuildPhase;
			buildActionMask = 2147483647;
			files = (
				66FAA9BB288A5F0600DDF431 /* CoreDataPracticeUITestsLaunchTests.swift in Sources */,
				66FAA9B9288A5F0600DDF431 /* CoreDataPracticeUITests.swift in Sources */,
			);
			runOnlyForDeploymentPostprocessing = 0;
		};
/* End PBXSourcesBuildPhase section */

/* Begin PBXTargetDependency section */
		66FAA9AC288A5F0600DDF431 /* PBXTargetDependency */ = {
			isa = PBXTargetDependency;
			target = 66FAA990288A5F0400DDF431 /* CoreDataPractice */;
			targetProxy = 66FAA9AB288A5F0600DDF431 /* PBXContainerItemProxy */;
		};
		66FAA9B6288A5F0600DDF431 /* PBXTargetDependency */ = {
			isa = PBXTargetDependency;
			target = 66FAA990288A5F0400DDF431 /* CoreDataPractice */;
			targetProxy = 66FAA9B5288A5F0600DDF431 /* PBXContainerItemProxy */;
		};
/* End PBXTargetDependency section */

/* Begin PBXVariantGroup section */
		66FAA99A288A5F0400DDF431 /* Main.storyboard */ = {
			isa = PBXVariantGroup;
			children = (
				66FAA99B288A5F0400DDF431 /* Base */,
			);
			name = Main.storyboard;
			sourceTree = "<group>";
		};
		66FAA9A2288A5F0500DDF431 /* LaunchScreen.storyboard */ = {
			isa = PBXVariantGroup;
			children = (
				66FAA9A3288A5F0500DDF431 /* Base */,
			);
			name = LaunchScreen.storyboard;
			sourceTree = "<group>";
		};
/* End PBXVariantGroup section */

/* Begin XCBuildConfiguration section */
		66FAA9BC288A5F0600DDF431 /* Debug */ = {
			isa = XCBuildConfiguration;
			buildSettings = {
				ALWAYS_SEARCH_USER_PATHS = NO;
				CLANG_ANALYZER_NONNULL = YES;
				CLANG_ANALYZER_NUMBER_OBJECT_CONVERSION = YES_AGGRESSIVE;
				CLANG_CXX_LANGUAGE_STANDARD = "gnu++17";
				CLANG_ENABLE_MODULES = YES;
				CLANG_ENABLE_OBJC_ARC = YES;
				CLANG_ENABLE_OBJC_WEAK = YES;
				CLANG_WARN_BLOCK_CAPTURE_AUTORELEASING = YES;
				CLANG_WARN_BOOL_CONVERSION = YES;
				CLANG_WARN_COMMA = YES;
				CLANG_WARN_CONSTANT_CONVERSION = YES;
				CLANG_WARN_DEPRECATED_OBJC_IMPLEMENTATIONS = YES;
				CLANG_WARN_DIRECT_OBJC_ISA_USAGE = YES_ERROR;
				CLANG_WARN_DOCUMENTATION_COMMENTS = YES;
				CLANG_WARN_EMPTY_BODY = YES;
				CLANG_WARN_ENUM_CONVERSION = YES;
				CLANG_WARN_INFINITE_RECURSION = YES;
				CLANG_WARN_INT_CONVERSION = YES;
				CLANG_WARN_NON_LITERAL_NULL_CONVERSION = YES;
				CLANG_WARN_OBJC_IMPLICIT_RETAIN_SELF = YES;
				CLANG_WARN_OBJC_LITERAL_CONVERSION = YES;
				CLANG_WARN_OBJC_ROOT_CLASS = YES_ERROR;
				CLANG_WARN_QUOTED_INCLUDE_IN_FRAMEWORK_HEADER = YES;
				CLANG_WARN_RANGE_LOOP_ANALYSIS = YES;
				CLANG_WARN_STRICT_PROTOTYPES = YES;
				CLANG_WARN_SUSPICIOUS_MOVE = YES;
				CLANG_WARN_UNGUARDED_AVAILABILITY = YES_AGGRESSIVE;
				CLANG_WARN_UNREACHABLE_CODE = YES;
				CLANG_WARN__DUPLICATE_METHOD_MATCH = YES;
				COPY_PHASE_STRIP = NO;
				DEBUG_INFORMATION_FORMAT = dwarf;
				ENABLE_STRICT_OBJC_MSGSEND = YES;
				ENABLE_TESTABILITY = YES;
				GCC_C_LANGUAGE_STANDARD = gnu11;
				GCC_DYNAMIC_NO_PIC = NO;
				GCC_NO_COMMON_BLOCKS = YES;
				GCC_OPTIMIZATION_LEVEL = 0;
				GCC_PREPROCESSOR_DEFINITIONS = (
					"DEBUG=1",
					"$(inherited)",
				);
				GCC_WARN_64_TO_32_BIT_CONVERSION = YES;
				GCC_WARN_ABOUT_RETURN_TYPE = YES_ERROR;
				GCC_WARN_UNDECLARED_SELECTOR = YES;
				GCC_WARN_UNINITIALIZED_AUTOS = YES_AGGRESSIVE;
				GCC_WARN_UNUSED_FUNCTION = YES;
				GCC_WARN_UNUSED_VARIABLE = YES;
				IPHONEOS_DEPLOYMENT_TARGET = 15.4;
				MTL_ENABLE_DEBUG_INFO = INCLUDE_SOURCE;
				MTL_FAST_MATH = YES;
				ONLY_ACTIVE_ARCH = YES;
				SDKROOT = iphoneos;
				SWIFT_ACTIVE_COMPILATION_CONDITIONS = DEBUG;
				SWIFT_OPTIMIZATION_LEVEL = "-Onone";
			};
			name = Debug;
		};
		66FAA9BD288A5F0600DDF431 /* Release */ = {
			isa = XCBuildConfiguration;
			buildSettings = {
				ALWAYS_SEARCH_USER_PATHS = NO;
				CLANG_ANALYZER_NONNULL = YES;
				CLANG_ANALYZER_NUMBER_OBJECT_CONVERSION = YES_AGGRESSIVE;
				CLANG_CXX_LANGUAGE_STANDARD = "gnu++17";
				CLANG_ENABLE_MODULES = YES;
				CLANG_ENABLE_OBJC_ARC = YES;
				CLANG_ENABLE_OBJC_WEAK = YES;
				CLANG_WARN_BLOCK_CAPTURE_AUTORELEASING = YES;
				CLANG_WARN_BOOL_CONVERSION = YES;
				CLANG_WARN_COMMA = YES;
				CLANG_WARN_CONSTANT_CONVERSION = YES;
				CLANG_WARN_DEPRECATED_OBJC_IMPLEMENTATIONS = YES;
				CLANG_WARN_DIRECT_OBJC_ISA_USAGE = YES_ERROR;
				CLANG_WARN_DOCUMENTATION_COMMENTS = YES;
				CLANG_WARN_EMPTY_BODY = YES;
				CLANG_WARN_ENUM_CONVERSION = YES;
				CLANG_WARN_INFINITE_RECURSION = YES;
				CLANG_WARN_INT_CONVERSION = YES;
				CLANG_WARN_NON_LITERAL_NULL_CONVERSION = YES;
				CLANG_WARN_OBJC_IMPLICIT_RETAIN_SELF = YES;
				CLANG_WARN_OBJC_LITERAL_CONVERSION = YES;
				CLANG_WARN_OBJC_ROOT_CLASS = YES_ERROR;
				CLANG_WARN_QUOTED_INCLUDE_IN_FRAMEWORK_HEADER = YES;
				CLANG_WARN_RANGE_LOOP_ANALYSIS = YES;
				CLANG_WARN_STRICT_PROTOTYPES = YES;
				CLANG_WARN_SUSPICIOUS_MOVE = YES;
				CLANG_WARN_UNGUARDED_AVAILABILITY = YES_AGGRESSIVE;
				CLANG_WARN_UNREACHABLE_CODE = YES;
				CLANG_WARN__DUPLICATE_METHOD_MATCH = YES;
				COPY_PHASE_STRIP = NO;
				DEBUG_INFORMATION_FORMAT = "dwarf-with-dsym";
				ENABLE_NS_ASSERTIONS = NO;
				ENABLE_STRICT_OBJC_MSGSEND = YES;
				GCC_C_LANGUAGE_STANDARD = gnu11;
				GCC_NO_COMMON_BLOCKS = YES;
				GCC_WARN_64_TO_32_BIT_CONVERSION = YES;
				GCC_WARN_ABOUT_RETURN_TYPE = YES_ERROR;
				GCC_WARN_UNDECLARED_SELECTOR = YES;
				GCC_WARN_UNINITIALIZED_AUTOS = YES_AGGRESSIVE;
				GCC_WARN_UNUSED_FUNCTION = YES;
				GCC_WARN_UNUSED_VARIABLE = YES;
				IPHONEOS_DEPLOYMENT_TARGET = 15.4;
				MTL_ENABLE_DEBUG_INFO = NO;
				MTL_FAST_MATH = YES;
				SDKROOT = iphoneos;
				SWIFT_COMPILATION_MODE = wholemodule;
				SWIFT_OPTIMIZATION_LEVEL = "-O";
				VALIDATE_PRODUCT = YES;
			};
			name = Release;
		};
		66FAA9BF288A5F0600DDF431 /* Debug */ = {
			isa = XCBuildConfiguration;
			buildSettings = {
				ASSETCATALOG_COMPILER_APPICON_NAME = AppIcon;
				ASSETCATALOG_COMPILER_GLOBAL_ACCENT_COLOR_NAME = AccentColor;
				CODE_SIGN_STYLE = Automatic;
				CURRENT_PROJECT_VERSION = 1;
				DEVELOPMENT_TEAM = D84FVNJN58;
				GENERATE_INFOPLIST_FILE = YES;
				INFOPLIST_FILE = CoreDataPractice/Info.plist;
				INFOPLIST_KEY_UIApplicationSupportsIndirectInputEvents = YES;
				INFOPLIST_KEY_UILaunchStoryboardName = LaunchScreen;
				INFOPLIST_KEY_UIMainStoryboardFile = Main;
				INFOPLIST_KEY_UISupportedInterfaceOrientations_iPad = "UIInterfaceOrientationPortrait UIInterfaceOrientationPortraitUpsideDown UIInterfaceOrientationLandscapeLeft UIInterfaceOrientationLandscapeRight";
				INFOPLIST_KEY_UISupportedInterfaceOrientations_iPhone = "UIInterfaceOrientationPortrait UIInterfaceOrientationLandscapeLeft UIInterfaceOrientationLandscapeRight";
				LD_RUNPATH_SEARCH_PATHS = (
					"$(inherited)",
					"@executable_path/Frameworks",
				);
				MARKETING_VERSION = 1.0;
				PRODUCT_BUNDLE_IDENTIFIER = com.jinwoo.CoreDataPractice;
				PRODUCT_NAME = "$(TARGET_NAME)";
				SWIFT_EMIT_LOC_STRINGS = YES;
				SWIFT_VERSION = 5.0;
				TARGETED_DEVICE_FAMILY = "1,2";
			};
			name = Debug;
		};
		66FAA9C0288A5F0600DDF431 /* Release */ = {
			isa = XCBuildConfiguration;
			buildSettings = {
				ASSETCATALOG_COMPILER_APPICON_NAME = AppIcon;
				ASSETCATALOG_COMPILER_GLOBAL_ACCENT_COLOR_NAME = AccentColor;
				CODE_SIGN_STYLE = Automatic;
				CURRENT_PROJECT_VERSION = 1;
				DEVELOPMENT_TEAM = D84FVNJN58;
				GENERATE_INFOPLIST_FILE = YES;
				INFOPLIST_FILE = CoreDataPractice/Info.plist;
				INFOPLIST_KEY_UIApplicationSupportsIndirectInputEvents = YES;
				INFOPLIST_KEY_UILaunchStoryboardName = LaunchScreen;
				INFOPLIST_KEY_UIMainStoryboardFile = Main;
				INFOPLIST_KEY_UISupportedInterfaceOrientations_iPad = "UIInterfaceOrientationPortrait UIInterfaceOrientationPortraitUpsideDown UIInterfaceOrientationLandscapeLeft UIInterfaceOrientationLandscapeRight";
				INFOPLIST_KEY_UISupportedInterfaceOrientations_iPhone = "UIInterfaceOrientationPortrait UIInterfaceOrientationLandscapeLeft UIInterfaceOrientationLandscapeRight";
				LD_RUNPATH_SEARCH_PATHS = (
					"$(inherited)",
					"@executable_path/Frameworks",
				);
				MARKETING_VERSION = 1.0;
				PRODUCT_BUNDLE_IDENTIFIER = com.jinwoo.CoreDataPractice;
				PRODUCT_NAME = "$(TARGET_NAME)";
				SWIFT_EMIT_LOC_STRINGS = YES;
				SWIFT_VERSION = 5.0;
				TARGETED_DEVICE_FAMILY = "1,2";
			};
			name = Release;
		};
		66FAA9C2288A5F0600DDF431 /* Debug */ = {
			isa = XCBuildConfiguration;
			buildSettings = {
				ALWAYS_EMBED_SWIFT_STANDARD_LIBRARIES = YES;
				BUNDLE_LOADER = "$(TEST_HOST)";
				CODE_SIGN_STYLE = Automatic;
				CURRENT_PROJECT_VERSION = 1;
				DEVELOPMENT_TEAM = D84FVNJN58;
				GENERATE_INFOPLIST_FILE = YES;
				IPHONEOS_DEPLOYMENT_TARGET = 15.4;
				MARKETING_VERSION = 1.0;
				PRODUCT_BUNDLE_IDENTIFIER = com.jinwoo.CoreDataPracticeTests;
				PRODUCT_NAME = "$(TARGET_NAME)";
				SWIFT_EMIT_LOC_STRINGS = NO;
				SWIFT_VERSION = 5.0;
				TARGETED_DEVICE_FAMILY = "1,2";
				TEST_HOST = "$(BUILT_PRODUCTS_DIR)/CoreDataPractice.app/CoreDataPractice";
			};
			name = Debug;
		};
		66FAA9C3288A5F0600DDF431 /* Release */ = {
			isa = XCBuildConfiguration;
			buildSettings = {
				ALWAYS_EMBED_SWIFT_STANDARD_LIBRARIES = YES;
				BUNDLE_LOADER = "$(TEST_HOST)";
				CODE_SIGN_STYLE = Automatic;
				CURRENT_PROJECT_VERSION = 1;
				DEVELOPMENT_TEAM = D84FVNJN58;
				GENERATE_INFOPLIST_FILE = YES;
				IPHONEOS_DEPLOYMENT_TARGET = 15.4;
				MARKETING_VERSION = 1.0;
				PRODUCT_BUNDLE_IDENTIFIER = com.jinwoo.CoreDataPracticeTests;
				PRODUCT_NAME = "$(TARGET_NAME)";
				SWIFT_EMIT_LOC_STRINGS = NO;
				SWIFT_VERSION = 5.0;
				TARGETED_DEVICE_FAMILY = "1,2";
				TEST_HOST = "$(BUILT_PRODUCTS_DIR)/CoreDataPractice.app/CoreDataPractice";
			};
			name = Release;
		};
		66FAA9C5288A5F0600DDF431 /* Debug */ = {
			isa = XCBuildConfiguration;
			buildSettings = {
				ALWAYS_EMBED_SWIFT_STANDARD_LIBRARIES = YES;
				CODE_SIGN_STYLE = Automatic;
				CURRENT_PROJECT_VERSION = 1;
				DEVELOPMENT_TEAM = D84FVNJN58;
				GENERATE_INFOPLIST_FILE = YES;
				MARKETING_VERSION = 1.0;
				PRODUCT_BUNDLE_IDENTIFIER = com.jinwoo.CoreDataPracticeUITests;
				PRODUCT_NAME = "$(TARGET_NAME)";
				SWIFT_EMIT_LOC_STRINGS = NO;
				SWIFT_VERSION = 5.0;
				TARGETED_DEVICE_FAMILY = "1,2";
				TEST_TARGET_NAME = CoreDataPractice;
			};
			name = Debug;
		};
		66FAA9C6288A5F0600DDF431 /* Release */ = {
			isa = XCBuildConfiguration;
			buildSettings = {
				ALWAYS_EMBED_SWIFT_STANDARD_LIBRARIES = YES;
				CODE_SIGN_STYLE = Automatic;
				CURRENT_PROJECT_VERSION = 1;
				DEVELOPMENT_TEAM = D84FVNJN58;
				GENERATE_INFOPLIST_FILE = YES;
				MARKETING_VERSION = 1.0;
				PRODUCT_BUNDLE_IDENTIFIER = com.jinwoo.CoreDataPracticeUITests;
				PRODUCT_NAME = "$(TARGET_NAME)";
				SWIFT_EMIT_LOC_STRINGS = NO;
				SWIFT_VERSION = 5.0;
				TARGETED_DEVICE_FAMILY = "1,2";
				TEST_TARGET_NAME = CoreDataPractice;
			};
			name = Release;
		};
/* End XCBuildConfiguration section */

/* Begin XCConfigurationList section */
		66FAA98C288A5F0400DDF431 /* Build configuration list for PBXProject "CoreDataPractice" */ = {
			isa = XCConfigurationList;
			buildConfigurations = (
				66FAA9BC288A5F0600DDF431 /* Debug */,
				66FAA9BD288A5F0600DDF431 /* Release */,
			);
			defaultConfigurationIsVisible = 0;
			defaultConfigurationName = Release;
		};
		66FAA9BE288A5F0600DDF431 /* Build configuration list for PBXNativeTarget "CoreDataPractice" */ = {
			isa = XCConfigurationList;
			buildConfigurations = (
				66FAA9BF288A5F0600DDF431 /* Debug */,
				66FAA9C0288A5F0600DDF431 /* Release */,
			);
			defaultConfigurationIsVisible = 0;
			defaultConfigurationName = Release;
		};
		66FAA9C1288A5F0600DDF431 /* Build configuration list for PBXNativeTarget "CoreDataPracticeTests" */ = {
			isa = XCConfigurationList;
			buildConfigurations = (
				66FAA9C2288A5F0600DDF431 /* Debug */,
				66FAA9C3288A5F0600DDF431 /* Release */,
			);
			defaultConfigurationIsVisible = 0;
			defaultConfigurationName = Release;
		};
		66FAA9C4288A5F0600DDF431 /* Build configuration list for PBXNativeTarget "CoreDataPracticeUITests" */ = {
			isa = XCConfigurationList;
			buildConfigurations = (
				66FAA9C5288A5F0600DDF431 /* Debug */,
				66FAA9C6288A5F0600DDF431 /* Release */,
			);
			defaultConfigurationIsVisible = 0;
			defaultConfigurationName = Release;
		};
/* End XCConfigurationList section */

/* Begin XCVersionGroup section */
		66FAA99D288A5F0400DDF431 /* CoreDataPractice.xcdatamodeld */ = {
			isa = XCVersionGroup;
			children = (
				66FAA99E288A5F0400DDF431 /* CoreDataPractice.xcdatamodel */,
			);
			currentVersion = 66FAA99E288A5F0400DDF431 /* CoreDataPractice.xcdatamodel */;
			path = CoreDataPractice.xcdatamodeld;
			sourceTree = "<group>";
			versionGroupType = wrapper.xcdatamodel;
		};
/* End XCVersionGroup section */
	};
	rootObject = 66FAA989288A5F0400DDF431 /* Project object */;
}
